// !$*UTF8*$!
{
	archiveVersion = 1;
	classes = {
	};
	objectVersion = 46;
	objects = {

/* Begin PBXFileReference section */
		794AB8DB1768B9A900069671 /* PTMetricImperialConversions.m */ = {isa = PBXFileReference; lastKnownFileType = sourcecode.c.objc; path = PTMetricImperialConversions.m; sourceTree = "<group>"; };
		794AB8DC1768B9A900069671 /* PTMetricImperialConversions.h */ = {isa = PBXFileReference; lastKnownFileType = sourcecode.c.h; path = PTMetricImperialConversions.h; sourceTree = "<group>"; };
/* End PBXFileReference section */

/* Begin PBXGroup section */
		794AB8D41768B8C300069671 = {
			isa = PBXGroup;
			children = (
				794AB8DB1768B9A900069671 /* PTMetricImperialConversions.m */,
				794AB8DC1768B9A900069671 /* PTMetricImperialConversions.h */,
			);
			sourceTree = "<group>";
		};
/* End PBXGroup section */

/* Begin PBXProject section */
		794AB8D51768B8C300069671 /* Project object */ = {
			isa = PBXProject;
			attributes = {
				LastUpgradeCheck = 0460;
			};
			buildConfigurationList = 794AB8D81768B8C300069671 /* Build configuration list for PBXProject "RHImperialMetricConversions" */;
			compatibilityVersion = "Xcode 3.2";
			developmentRegion = English;
			hasScannedForEncodings = 0;
			knownRegions = (
				en,
			);
			mainGroup = 794AB8D41768B8C300069671;
			projectDirPath = "";
			projectRoot = "";
			targets = (
			);
		};
/* End PBXProject section */

/* Begin XCBuildConfiguration section */
		794AB8D91768B8C300069671 /* Debug */ = {
			isa = XCBuildConfiguration;
			buildSettings = {
			};
			name = Debug;
		};
		794AB8DA1768B8C300069671 /* Release */ = {
			isa = XCBuildConfiguration;
			buildSettings = {
			};
			name = Release;
		};
/* End XCBuildConfiguration section */

/* Begin XCConfigurationList section */
		794AB8D81768B8C300069671 /* Build configuration list for PBXProject "RHImperialMetricConversions" */ = {
			isa = XCConfigurationList;
			buildConfigurations = (
				794AB8D91768B8C300069671 /* Debug */,
				794AB8DA1768B8C300069671 /* Release */,
			);
			defaultConfigurationIsVisible = 0;
			defaultConfigurationName = Release;
		};
/* End XCConfigurationList section */
	};
	rootObject = 794AB8D51768B8C300069671 /* Project object */;
}
